// !$*UTF8*$!
{
	archiveVersion = 1;
	classes = {
	};
	objectVersion = 77;
	objects = {

/* Begin PBXBuildFile section */
		1801BABF2E3600FB00A42DAA /* RevenueCat in Frameworks */ = {isa = PBXBuildFile; productRef = 1801BABE2E3600FB00A42DAA /* RevenueCat */; };
		1801BAC22E36016B00A42DAA /* Reachability in Frameworks */ = {isa = PBXBuildFile; productRef = 1801BAC12E36016B00A42DAA /* Reachability */; };
		1801BAC52E3601E200A42DAA /* GoogleMobileAds in Frameworks */ = {isa = PBXBuildFile; productRef = 1801BAC42E3601E200A42DAA /* GoogleMobileAds */; };
		1801BAC82E36022200A42DAA /* SwiftyAds in Frameworks */ = {isa = PBXBuildFile; productRef = 1801BAC72E36022200A42DAA /* SwiftyAds */; };
		1801BBA82E362D6000A42DAA /* Lottie in Frameworks */ = {isa = PBXBuildFile; productRef = 1801BBA72E362D6000A42DAA /* Lottie */; };
		181A548B2E3B753A00E938F3 /* FirebaseCrashlytics in Frameworks */ = {isa = PBXBuildFile; productRef = 181A548A2E3B753A00E938F3 /* FirebaseCrashlytics */; };
		181A548D2E3B753A00E938F3 /* FirebaseRemoteConfig in Frameworks */ = {isa = PBXBuildFile; productRef = 181A548C2E3B753A00E938F3 /* FirebaseRemoteConfig */; };
/* End PBXBuildFile section */

/* Begin PBXFileReference section */
		18BAF3322E34C05000DA0E8C /* VNVideoSaver.app */ = {isa = PBXFileReference; explicitFileType = wrapper.application; includeInIndex = 0; path = VNVideoSaver.app; sourceTree = BUILT_PRODUCTS_DIR; };
/* End PBXFileReference section */

/* Begin PBXFileSystemSynchronizedBuildFileExceptionSet section */
		18BAF3EF2E34C16800DA0E8C /* Exceptions for "VNVideoSaver" folder in "VNVideoSaver" target */ = {
			isa = PBXFileSystemSynchronizedBuildFileExceptionSet;
			membershipExceptions = (
				Info.plist,
			);
			target = 18BAF3312E34C05000DA0E8C /* VNVideoSaver */;
		};
/* End PBXFileSystemSynchronizedBuildFileExceptionSet section */

/* Begin PBXFileSystemSynchronizedRootGroup section */
		18BAF3342E34C05000DA0E8C /* VNVideoSaver */ = {
			isa = PBXFileSystemSynchronizedRootGroup;
			exceptions = (
				18BAF3EF2E34C16800DA0E8C /* Exceptions for "VNVideoSaver" folder in "VNVideoSaver" target */,
			);
			path = VNVideoSaver;
			sourceTree = "<group>";
		};
/* End PBXFileSystemSynchronizedRootGroup section */

/* Begin PBXFrameworksBuildPhase section */
		18BAF32F2E34C05000DA0E8C /* Frameworks */ = {
			isa = PBXFrameworksBuildPhase;
			buildActionMask = 2147483647;
			files = (
				1801BBA82E362D6000A42DAA /* Lottie in Frameworks */,
				1801BAC22E36016B00A42DAA /* Reachability in Frameworks */,
				1801BAC52E3601E200A42DAA /* GoogleMobileAds in Frameworks */,
				181A548D2E3B753A00E938F3 /* FirebaseRemoteConfig in Frameworks */,
				181A548B2E3B753A00E938F3 /* FirebaseCrashlytics in Frameworks */,
				1801BABF2E3600FB00A42DAA /* RevenueCat in Frameworks */,
				1801BAC82E36022200A42DAA /* SwiftyAds in Frameworks */,
			);
			runOnlyForDeploymentPostprocessing = 0;
		};
/* End PBXFrameworksBuildPhase section */

/* Begin PBXGroup section */
		18BAF3292E34C05000DA0E8C = {
			isa = PBXGroup;
			children = (
				18BAF3342E34C05000DA0E8C /* VNVideoSaver */,
				18BAF3332E34C05000DA0E8C /* Products */,
			);
			sourceTree = "<group>";
		};
		18BAF3332E34C05000DA0E8C /* Products */ = {
			isa = PBXGroup;
			children = (
				18BAF3322E34C05000DA0E8C /* VNVideoSaver.app */,
			);
			name = Products;
			sourceTree = "<group>";
		};
/* End PBXGroup section */

/* Begin PBXNativeTarget section */
		18BAF3312E34C05000DA0E8C /* VNVideoSaver */ = {
			isa = PBXNativeTarget;
			buildConfigurationList = 18BAF3402E34C05100DA0E8C /* Build configuration list for PBXNativeTarget "VNVideoSaver" */;
			buildPhases = (
				18BAF32E2E34C05000DA0E8C /* Sources */,
				18BAF32F2E34C05000DA0E8C /* Frameworks */,
				18BAF3302E34C05000DA0E8C /* Resources */,
			);
			buildRules = (
			);
			dependencies = (
			);
			fileSystemSynchronizedGroups = (
				18BAF3342E34C05000DA0E8C /* VNVideoSaver */,
			);
			name = VNVideoSaver;
			packageProductDependencies = (
				1801BABE2E3600FB00A42DAA /* RevenueCat */,
				1801BAC12E36016B00A42DAA /* Reachability */,
				1801BAC42E3601E200A42DAA /* GoogleMobileAds */,
				1801BAC72E36022200A42DAA /* SwiftyAds */,
				1801BBA72E362D6000A42DAA /* Lottie */,
				181A548A2E3B753A00E938F3 /* FirebaseCrashlytics */,
				181A548C2E3B753A00E938F3 /* FirebaseRemoteConfig */,
			);
			productName = VNVideoSaver;
			productReference = 18BAF3322E34C05000DA0E8C /* VNVideoSaver.app */;
			productType = "com.apple.product-type.application";
		};
/* End PBXNativeTarget section */

/* Begin PBXProject section */
		18BAF32A2E34C05000DA0E8C /* Project object */ = {
			isa = PBXProject;
			attributes = {
				BuildIndependentTargetsInParallel = 1;
				LastSwiftUpdateCheck = 1600;
				LastUpgradeCheck = 1600;
				TargetAttributes = {
					18BAF3312E34C05000DA0E8C = {
						CreatedOnToolsVersion = 16.0;
					};
				};
			};
			buildConfigurationList = 18BAF32D2E34C05000DA0E8C /* Build configuration list for PBXProject "VNVideoSaver" */;
			developmentRegion = en;
			hasScannedForEncodings = 0;
			knownRegions = (
				en,
				Base,
			);
			mainGroup = 18BAF3292E34C05000DA0E8C;
			minimizedProjectReferenceProxies = 1;
			packageReferences = (
				1801BABD2E3600FB00A42DAA /* XCRemoteSwiftPackageReference "purchases-ios-spm" */,
				1801BAC02E36016B00A42DAA /* XCRemoteSwiftPackageReference "Reachability.swift" */,
				1801BAC32E3601E200A42DAA /* XCRemoteSwiftPackageReference "swift-package-manager-google-mobile-ads" */,
				1801BAC62E36022200A42DAA /* XCRemoteSwiftPackageReference "swifty-ads" */,
				1801BBA62E362D6000A42DAA /* XCRemoteSwiftPackageReference "lottie-ios" */,
				181A54892E3B753A00E938F3 /* XCRemoteSwiftPackageReference "firebase-ios-sdk" */,
			);
			preferredProjectObjectVersion = 77;
			productRefGroup = 18BAF3332E34C05000DA0E8C /* Products */;
			projectDirPath = "";
			projectRoot = "";
			targets = (
				18BAF3312E34C05000DA0E8C /* VNVideoSaver */,
			);
		};
/* End PBXProject section */

/* Begin PBXResourcesBuildPhase section */
		18BAF3302E34C05000DA0E8C /* Resources */ = {
			isa = PBXResourcesBuildPhase;
			buildActionMask = 2147483647;
			files = (
			);
			runOnlyForDeploymentPostprocessing = 0;
		};
/* End PBXResourcesBuildPhase section */

/* Begin PBXSourcesBuildPhase section */
		18BAF32E2E34C05000DA0E8C /* Sources */ = {
			isa = PBXSourcesBuildPhase;
			buildActionMask = 2147483647;
			files = (
			);
			runOnlyForDeploymentPostprocessing = 0;
		};
/* End PBXSourcesBuildPhase section */

/* Begin XCBuildConfiguration section */
		18BAF33E2E34C05100DA0E8C /* Debug */ = {
			isa = XCBuildConfiguration;
			buildSettings = {
				ALWAYS_SEARCH_USER_PATHS = NO;
				ASSETCATALOG_COMPILER_GENERATE_SWIFT_ASSET_SYMBOL_EXTENSIONS = YES;
				CLANG_ANALYZER_NONNULL = YES;
				CLANG_ANALYZER_NUMBER_OBJECT_CONVERSION = YES_AGGRESSIVE;
				CLANG_CXX_LANGUAGE_STANDARD = "gnu++20";
				CLANG_ENABLE_MODULES = YES;
				CLANG_ENABLE_OBJC_ARC = YES;
				CLANG_ENABLE_OBJC_WEAK = YES;
				CLANG_WARN_BLOCK_CAPTURE_AUTORELEASING = YES;
				CLANG_WARN_BOOL_CONVERSION = YES;
				CLANG_WARN_COMMA = YES;
				CLANG_WARN_CONSTANT_CONVERSION = YES;
				CLANG_WARN_DEPRECATED_OBJC_IMPLEMENTATIONS = YES;
				CLANG_WARN_DIRECT_OBJC_ISA_USAGE = YES_ERROR;
				CLANG_WARN_DOCUMENTATION_COMMENTS = YES;
				CLANG_WARN_EMPTY_BODY = YES;
				CLANG_WARN_ENUM_CONVERSION = YES;
				CLANG_WARN_INFINITE_RECURSION = YES;
				CLANG_WARN_INT_CONVERSION = YES;
				CLANG_WARN_NON_LITERAL_NULL_CONVERSION = YES;
				CLANG_WARN_OBJC_IMPLICIT_RETAIN_SELF = YES;
				CLANG_WARN_OBJC_LITERAL_CONVERSION = YES;
				CLANG_WARN_OBJC_ROOT_CLASS = YES_ERROR;
				CLANG_WARN_QUOTED_INCLUDE_IN_FRAMEWORK_HEADER = YES;
				CLANG_WARN_RANGE_LOOP_ANALYSIS = YES;
				CLANG_WARN_STRICT_PROTOTYPES = YES;
				CLANG_WARN_SUSPICIOUS_MOVE = YES;
				CLANG_WARN_UNGUARDED_AVAILABILITY = YES_AGGRESSIVE;
				CLANG_WARN_UNREACHABLE_CODE = YES;
				CLANG_WARN__DUPLICATE_METHOD_MATCH = YES;
				COPY_PHASE_STRIP = NO;
				DEBUG_INFORMATION_FORMAT = dwarf;
				ENABLE_STRICT_OBJC_MSGSEND = YES;
				ENABLE_TESTABILITY = YES;
				ENABLE_USER_SCRIPT_SANDBOXING = YES;
				GCC_C_LANGUAGE_STANDARD = gnu17;
				GCC_DYNAMIC_NO_PIC = NO;
				GCC_NO_COMMON_BLOCKS = YES;
				GCC_OPTIMIZATION_LEVEL = 0;
				GCC_PREPROCESSOR_DEFINITIONS = (
					"DEBUG=1",
					"$(inherited)",
				);
				GCC_WARN_64_TO_32_BIT_CONVERSION = YES;
				GCC_WARN_ABOUT_RETURN_TYPE = YES_ERROR;
				GCC_WARN_UNDECLARED_SELECTOR = YES;
				GCC_WARN_UNINITIALIZED_AUTOS = YES_AGGRESSIVE;
				GCC_WARN_UNUSED_FUNCTION = YES;
				GCC_WARN_UNUSED_VARIABLE = YES;
				IPHONEOS_DEPLOYMENT_TARGET = 18.0;
				LOCALIZATION_PREFERS_STRING_CATALOGS = YES;
				MTL_ENABLE_DEBUG_INFO = INCLUDE_SOURCE;
				MTL_FAST_MATH = YES;
				ONLY_ACTIVE_ARCH = YES;
				SDKROOT = iphoneos;
				SWIFT_ACTIVE_COMPILATION_CONDITIONS = "DEBUG $(inherited)";
				SWIFT_OPTIMIZATION_LEVEL = "-Onone";
			};
			name = Debug;
		};
		18BAF33F2E34C05100DA0E8C /* Release */ = {
			isa = XCBuildConfiguration;
			buildSettings = {
				ALWAYS_SEARCH_USER_PATHS = NO;
				ASSETCATALOG_COMPILER_GENERATE_SWIFT_ASSET_SYMBOL_EXTENSIONS = YES;
				CLANG_ANALYZER_NONNULL = YES;
				CLANG_ANALYZER_NUMBER_OBJECT_CONVERSION = YES_AGGRESSIVE;
				CLANG_CXX_LANGUAGE_STANDARD = "gnu++20";
				CLANG_ENABLE_MODULES = YES;
				CLANG_ENABLE_OBJC_ARC = YES;
				CLANG_ENABLE_OBJC_WEAK = YES;
				CLANG_WARN_BLOCK_CAPTURE_AUTORELEASING = YES;
				CLANG_WARN_BOOL_CONVERSION = YES;
				CLANG_WARN_COMMA = YES;
				CLANG_WARN_CONSTANT_CONVERSION = YES;
				CLANG_WARN_DEPRECATED_OBJC_IMPLEMENTATIONS = YES;
				CLANG_WARN_DIRECT_OBJC_ISA_USAGE = YES_ERROR;
				CLANG_WARN_DOCUMENTATION_COMMENTS = YES;
				CLANG_WARN_EMPTY_BODY = YES;
				CLANG_WARN_ENUM_CONVERSION = YES;
				CLANG_WARN_INFINITE_RECURSION = YES;
				CLANG_WARN_INT_CONVERSION = YES;
				CLANG_WARN_NON_LITERAL_NULL_CONVERSION = YES;
				CLANG_WARN_OBJC_IMPLICIT_RETAIN_SELF = YES;
				CLANG_WARN_OBJC_LITERAL_CONVERSION = YES;
				CLANG_WARN_OBJC_ROOT_CLASS = YES_ERROR;
				CLANG_WARN_QUOTED_INCLUDE_IN_FRAMEWORK_HEADER = YES;
				CLANG_WARN_RANGE_LOOP_ANALYSIS = YES;
				CLANG_WARN_STRICT_PROTOTYPES = YES;
				CLANG_WARN_SUSPICIOUS_MOVE = YES;
				CLANG_WARN_UNGUARDED_AVAILABILITY = YES_AGGRESSIVE;
				CLANG_WARN_UNREACHABLE_CODE = YES;
				CLANG_WARN__DUPLICATE_METHOD_MATCH = YES;
				COPY_PHASE_STRIP = NO;
				DEBUG_INFORMATION_FORMAT = "dwarf-with-dsym";
				ENABLE_NS_ASSERTIONS = NO;
				ENABLE_STRICT_OBJC_MSGSEND = YES;
				ENABLE_USER_SCRIPT_SANDBOXING = YES;
				GCC_C_LANGUAGE_STANDARD = gnu17;
				GCC_NO_COMMON_BLOCKS = YES;
				GCC_WARN_64_TO_32_BIT_CONVERSION = YES;
				GCC_WARN_ABOUT_RETURN_TYPE = YES_ERROR;
				GCC_WARN_UNDECLARED_SELECTOR = YES;
				GCC_WARN_UNINITIALIZED_AUTOS = YES_AGGRESSIVE;
				GCC_WARN_UNUSED_FUNCTION = YES;
				GCC_WARN_UNUSED_VARIABLE = YES;
				IPHONEOS_DEPLOYMENT_TARGET = 18.0;
				LOCALIZATION_PREFERS_STRING_CATALOGS = YES;
				MTL_ENABLE_DEBUG_INFO = NO;
				MTL_FAST_MATH = YES;
				SDKROOT = iphoneos;
				SWIFT_COMPILATION_MODE = wholemodule;
				VALIDATE_PRODUCT = YES;
			};
			name = Release;
		};
		18BAF3412E34C05100DA0E8C /* Debug */ = {
			isa = XCBuildConfiguration;
			buildSettings = {
				ASSETCATALOG_COMPILER_APPICON_NAME = AppIcon;
				ASSETCATALOG_COMPILER_GLOBAL_ACCENT_COLOR_NAME = AccentColor;
				CODE_SIGN_STYLE = Automatic;
				CURRENT_PROJECT_VERSION = 1;
				DEVELOPMENT_ASSET_PATHS = "\"VNVideoSaver/Preview Content\"";
				ENABLE_PREVIEWS = YES;
				GENERATE_INFOPLIST_FILE = YES;
				INFOPLIST_FILE = VNVideoSaver/Info.plist;
				INFOPLIST_KEY_NSPhotoLibraryAddUsageDescription = "This app needs access to your photo library to save videos.";
				INFOPLIST_KEY_NSPhotoLibraryUsageDescription = "This app needs access to your photo library to get videos.";
				INFOPLIST_KEY_NSUserTrackingUsageDescription = "This identifier will be used to deliver personalized ads to you.";
				INFOPLIST_KEY_UIApplicationSceneManifest_Generation = YES;
				INFOPLIST_KEY_UIApplicationSupportsIndirectInputEvents = YES;
				INFOPLIST_KEY_UILaunchScreen_Generation = YES;
				INFOPLIST_KEY_UISupportedInterfaceOrientations_iPad = "UIInterfaceOrientationPortrait UIInterfaceOrientationPortraitUpsideDown UIInterfaceOrientationLandscapeLeft UIInterfaceOrientationLandscapeRight";
				INFOPLIST_KEY_UISupportedInterfaceOrientations_iPhone = "UIInterfaceOrientationPortrait UIInterfaceOrientationLandscapeLeft UIInterfaceOrientationLandscapeRight";
				INFOPLIST_KEY_UIUserInterfaceStyle = Dark;
				IPHONEOS_DEPLOYMENT_TARGET = 17.6;
				LD_RUNPATH_SEARCH_PATHS = (
					"$(inherited)",
					"@executable_path/Frameworks",
				);
				MARKETING_VERSION = 1.0;
				PRODUCT_BUNDLE_IDENTIFIER = com.video.saver.app;
				PRODUCT_NAME = "$(TARGET_NAME)";
				SUPPORTED_PLATFORMS = "iphoneos iphonesimulator";
				SUPPORTS_MACCATALYST = NO;
				SUPPORTS_MAC_DESIGNED_FOR_IPHONE_IPAD = NO;
				SUPPORTS_XR_DESIGNED_FOR_IPHONE_IPAD = NO;
				SWIFT_EMIT_LOC_STRINGS = YES;
				SWIFT_VERSION = 5.0;
				TARGETED_DEVICE_FAMILY = 1;
			};
			name = Debug;
		};
		18BAF3422E34C05100DA0E8C /* Release */ = {
			isa = XCBuildConfiguration;
			buildSettings = {
				ASSETCATALOG_COMPILER_APPICON_NAME = AppIcon;
				ASSETCATALOG_COMPILER_GLOBAL_ACCENT_COLOR_NAME = AccentColor;
				CODE_SIGN_STYLE = Automatic;
				CURRENT_PROJECT_VERSION = 1;
				DEVELOPMENT_ASSET_PATHS = "\"VNVideoSaver/Preview Content\"";
				ENABLE_PREVIEWS = YES;
				GENERATE_INFOPLIST_FILE = YES;
				INFOPLIST_FILE = VNVideoSaver/Info.plist;
				INFOPLIST_KEY_NSPhotoLibraryAddUsageDescription = "This app needs access to your photo library to save videos.";
				INFOPLIST_KEY_NSPhotoLibraryUsageDescription = "This app needs access to your photo library to get videos.";
				INFOPLIST_KEY_NSUserTrackingUsageDescription = "This identifier will be used to deliver personalized ads to you.";
				INFOPLIST_KEY_UIApplicationSceneManifest_Generation = YES;
				INFOPLIST_KEY_UIApplicationSupportsIndirectInputEvents = YES;
				INFOPLIST_KEY_UILaunchScreen_Generation = YES;
				INFOPLIST_KEY_UISupportedInterfaceOrientations_iPad = "UIInterfaceOrientationPortrait UIInterfaceOrientationPortraitUpsideDown UIInterfaceOrientationLandscapeLeft UIInterfaceOrientationLandscapeRight";
				INFOPLIST_KEY_UISupportedInterfaceOrientations_iPhone = "UIInterfaceOrientationPortrait UIInterfaceOrientationLandscapeLeft UIInterfaceOrientationLandscapeRight";
				INFOPLIST_KEY_UIUserInterfaceStyle = Dark;
				IPHONEOS_DEPLOYMENT_TARGET = 17.6;
				LD_RUNPATH_SEARCH_PATHS = (
					"$(inherited)",
					"@executable_path/Frameworks",
				);
				MARKETING_VERSION = 1.0;
				PRODUCT_BUNDLE_IDENTIFIER = com.video.saver.app;
				PRODUCT_NAME = "$(TARGET_NAME)";
				SUPPORTED_PLATFORMS = "iphoneos iphonesimulator";
				SUPPORTS_MACCATALYST = NO;
				SUPPORTS_MAC_DESIGNED_FOR_IPHONE_IPAD = NO;
				SUPPORTS_XR_DESIGNED_FOR_IPHONE_IPAD = NO;
				SWIFT_EMIT_LOC_STRINGS = YES;
				SWIFT_VERSION = 5.0;
				TARGETED_DEVICE_FAMILY = 1;
			};
			name = Release;
		};
/* End XCBuildConfiguration section */

/* Begin XCConfigurationList section */
		18BAF32D2E34C05000DA0E8C /* Build configuration list for PBXProject "VNVideoSaver" */ = {
			isa = XCConfigurationList;
			buildConfigurations = (
				18BAF33E2E34C05100DA0E8C /* Debug */,
				18BAF33F2E34C05100DA0E8C /* Release */,
			);
			defaultConfigurationIsVisible = 0;
			defaultConfigurationName = Release;
		};
		18BAF3402E34C05100DA0E8C /* Build configuration list for PBXNativeTarget "VNVideoSaver" */ = {
			isa = XCConfigurationList;
			buildConfigurations = (
				18BAF3412E34C05100DA0E8C /* Debug */,
				18BAF3422E34C05100DA0E8C /* Release */,
			);
			defaultConfigurationIsVisible = 0;
			defaultConfigurationName = Release;
		};
/* End XCConfigurationList section */

/* Begin XCRemoteSwiftPackageReference section */
		1801BABD2E3600FB00A42DAA /* XCRemoteSwiftPackageReference "purchases-ios-spm" */ = {
			isa = XCRemoteSwiftPackageReference;
			repositoryURL = "https://github.com/RevenueCat/purchases-ios-spm.git";
			requirement = {
				kind = upToNextMajorVersion;
				minimumVersion = 5.33.1;
			};
		};
		1801BAC02E36016B00A42DAA /* XCRemoteSwiftPackageReference "Reachability.swift" */ = {
			isa = XCRemoteSwiftPackageReference;
			repositoryURL = "https://github.com/ashleymills/Reachability.swift.git";
			requirement = {
				branch = master;
				kind = branch;
			};
		};
		1801BAC32E3601E200A42DAA /* XCRemoteSwiftPackageReference "swift-package-manager-google-mobile-ads" */ = {
			isa = XCRemoteSwiftPackageReference;
			repositoryURL = "https://github.com/googleads/swift-package-manager-google-mobile-ads.git";
			requirement = {
				kind = upToNextMajorVersion;
				minimumVersion = 12.7.0;
			};
		};
		1801BAC62E36022200A42DAA /* XCRemoteSwiftPackageReference "swifty-ads" */ = {
			isa = XCRemoteSwiftPackageReference;
			repositoryURL = "https://github.com/crashoverride777/swifty-ads.git";
			requirement = {
				kind = upToNextMajorVersion;
				minimumVersion = 20.2.0;
			};
		};
		1801BBA62E362D6000A42DAA /* XCRemoteSwiftPackageReference "lottie-ios" */ = {
			isa = XCRemoteSwiftPackageReference;
			repositoryURL = "https://github.com/airbnb/lottie-ios";
			requirement = {
				kind = upToNextMajorVersion;
				minimumVersion = 4.5.2;
			};
		};
		181A54892E3B753A00E938F3 /* XCRemoteSwiftPackageReference "firebase-ios-sdk" */ = {
			isa = XCRemoteSwiftPackageReference;
			repositoryURL = "https://github.com/firebase/firebase-ios-sdk.git";
			requirement = {
				kind = upToNextMajorVersion;
				minimumVersion = 12.0.0;
			};
		};
/* End XCRemoteSwiftPackageReference section */

/* Begin XCSwiftPackageProductDependency section */
		1801BABE2E3600FB00A42DAA /* RevenueCat */ = {
			isa = XCSwiftPackageProductDependency;
			package = 1801BABD2E3600FB00A42DAA /* XCRemoteSwiftPackageReference "purchases-ios-spm" */;
			productName = RevenueCat;
		};
		1801BAC12E36016B00A42DAA /* Reachability */ = {
			isa = XCSwiftPackageProductDependency;
			package = 1801BAC02E36016B00A42DAA /* XCRemoteSwiftPackageReference "Reachability.swift" */;
			productName = Reachability;
		};
		1801BAC42E3601E200A42DAA /* GoogleMobileAds */ = {
			isa = XCSwiftPackageProductDependency;
			package = 1801BAC32E3601E200A42DAA /* XCRemoteSwiftPackageReference "swift-package-manager-google-mobile-ads" */;
			productName = GoogleMobileAds;
		};
		1801BAC72E36022200A42DAA /* SwiftyAds */ = {
			isa = XCSwiftPackageProductDependency;
			package = 1801BAC62E36022200A42DAA /* XCRemoteSwiftPackageReference "swifty-ads" */;
			productName = SwiftyAds;
		};
		1801BBA72E362D6000A42DAA /* Lottie */ = {
			isa = XCSwiftPackageProductDependency;
			package = 1801BBA62E362D6000A42DAA /* XCRemoteSwiftPackageReference "lottie-ios" */;
			productName = Lottie;
		};
		181A548A2E3B753A00E938F3 /* FirebaseCrashlytics */ = {
			isa = XCSwiftPackageProductDependency;
			package = 181A54892E3B753A00E938F3 /* XCRemoteSwiftPackageReference "firebase-ios-sdk" */;
			productName = FirebaseCrashlytics;
		};
		181A548C2E3B753A00E938F3 /* FirebaseRemoteConfig */ = {
			isa = XCSwiftPackageProductDependency;
			package = 181A54892E3B753A00E938F3 /* XCRemoteSwiftPackageReference "firebase-ios-sdk" */;
			productName = FirebaseRemoteConfig;
		};
/* End XCSwiftPackageProductDependency section */
	};
	rootObject = 18BAF32A2E34C05000DA0E8C /* Project object */;
}
